
Microsoft Visual Studio Solution File, Format Version 12.00
Project("{FAE04EC0-301F-11D3-BF4B-00C04F79EFBC}") = "WebPortalHiP.Api", "WebPortalHiP.Api\WebPortalHiP.Api.csproj", "{1493D763-F175-4360-B8D6-35B36F6B0758}"
EndProject
Global
	GlobalSection(SolutionConfigurationPlatforms) = preSolution
		Debug|Any CPU = Debug|Any CPU
		Release|Any CPU = Release|Any CPU
	EndGlobalSection
	GlobalSection(ProjectConfigurationPlatforms) = postSolution
		{1493D763-F175-4360-B8D6-35B36F6B0758}.Debug|Any CPU.ActiveCfg = Debug|Any CPU
		{1493D763-F175-4360-B8D6-35B36F6B0758}.Debug|Any CPU.Build.0 = Debug|Any CPU
		{1493D763-F175-4360-B8D6-35B36F6B0758}.Release|Any CPU.ActiveCfg = Release|Any CPU
		{1493D763-F175-4360-B8D6-35B36F6B0758}.Release|Any CPU.Build.0 = Release|Any CPU
	EndGlobalSection
EndGlobal
